PODS:
  - FBSnapshotTestCase (2.1.4):
    - FBSnapshotTestCase/SwiftSupport (= 2.1.4)
  - FBSnapshotTestCase/Core (2.1.4)
  - FBSnapshotTestCase/SwiftSupport (2.1.4):
    - FBSnapshotTestCase/Core
  - JetLayout (0.1.0):
    - RxCocoa (~> 5.1.1)
  - RxCocoa (5.1.1):
    - RxRelay (~> 5)
    - RxSwift (~> 5)
  - RxRelay (5.1.1):
    - RxSwift (~> 5)
  - RxSwift (5.1.1)

DEPENDENCIES:
  - FBSnapshotTestCase (~> 2.1.4)
  - JetLayout (from `../`)

SPEC REPOS:
  trunk:
    - FBSnapshotTestCase
    - RxCocoa
    - RxRelay
    - RxSwift

EXTERNAL SOURCES:
  JetLayout:
    :path: "../"

SPEC CHECKSUMS:
  FBSnapshotTestCase: 094f9f314decbabe373b87cc339bea235a63e07a
  JetLayout: 36cc26a3670de0bac061b138fbafb0736335fdcc
  RxCocoa: 32065309a38d29b5b0db858819b5bf9ef038b601
  RxRelay: d77f7d771495f43c556cbc43eebd1bb54d01e8e9
  RxSwift: 81470a2074fa8780320ea5fe4102807cb7118178

PODFILE CHECKSUM: bf04c4dae2306c3c248b4a4fa75201e9d39104e2

COCOAPODS: 1.9.1
